
Microsoft Visual Studio Solution File, Format Version 12.00
# Visual Studio Version 17
VisualStudioVersion = 17.6.33815.320
MinimumVisualStudioVersion = 10.0.40219.1
Project("{9A19103F-16F7-4668-BE54-9A1E7A4F7556}") = "Pokemon Demonstration", "Pokemon Demonstration\Pokemon Demonstration.csproj", "{A9CB1AB6-1AF0-4C88-8250-077D76A0E32C}"
EndProject
Global
	GlobalSection(SolutionConfigurationPlatforms) = preSolution
		Debug|Any CPU = Debug|Any CPU
		Release|Any CPU = Release|Any CPU
	EndGlobalSection
	GlobalSection(ProjectConfigurationPlatforms) = postSolution
		{A9CB1AB6-1AF0-4C88-8250-077D76A0E32C}.Debug|Any CPU.ActiveCfg = Debug|Any CPU
		{A9CB1AB6-1AF0-4C88-8250-077D76A0E32C}.Debug|Any CPU.Build.0 = Debug|Any CPU
		{A9CB1AB6-1AF0-4C88-8250-077D76A0E32C}.Release|Any CPU.ActiveCfg = Release|Any CPU
		{A9CB1AB6-1AF0-4C88-8250-077D76A0E32C}.Release|Any CPU.Build.0 = Release|Any CPU
	EndGlobalSection
	GlobalSection(SolutionProperties) = preSolution
		HideSolutionNode = FALSE
	EndGlobalSection
	GlobalSection(ExtensibilityGlobals) = postSolution
		SolutionGuid = {1B6FE85A-9EFC-4EA0-94C9-808C336045C0}
	EndGlobalSection
EndGlobal
